// !$*UTF8*$!
{
	archiveVersion = 1;
	classes = {
	};
	objectVersion = 46;
	objects = {

/* Begin PBXBuildFile section */
		BE024BE11C14585A00850204 /* Regex.swift in Sources */ = {isa = PBXBuildFile; fileRef = BE024BE01C14585A00850204 /* Regex.swift */; };
		BE354E381C150CA00013FE42 /* Picker.xib in Resources */ = {isa = PBXBuildFile; fileRef = BE354E371C150CA00013FE42 /* Picker.xib */; };
		BE41B73B1C1877C300B38688 /* TiledImage.swift in Sources */ = {isa = PBXBuildFile; fileRef = BE41B73A1C1877C300B38688 /* TiledImage.swift */; };
		BE9A51801C1D182F0092FA64 /* String.swift in Sources */ = {isa = PBXBuildFile; fileRef = BE9A517F1C1D182F0092FA64 /* String.swift */; };
		BE9A51841C1D188F0092FA64 /* NSUserDefaults.swift in Sources */ = {isa = PBXBuildFile; fileRef = BE9A51831C1D188F0092FA64 /* NSUserDefaults.swift */; };
		BE9A51861C1D18BE0092FA64 /* ColorSupplyDelegate.swift in Sources */ = {isa = PBXBuildFile; fileRef = BE9A51851C1D18BE0092FA64 /* ColorSupplyDelegate.swift */; };
		BEBC6C881C19CC2A008EA17A /* Color.swift in Sources */ = {isa = PBXBuildFile; fileRef = BEBC6C871C19CC2A008EA17A /* Color.swift */; };
		BEDD2D981C0C64B3003C67FB /* AppDelegate.swift in Sources */ = {isa = PBXBuildFile; fileRef = BEDD2D971C0C64B3003C67FB /* AppDelegate.swift */; };
		BEDD2D9A1C0C64B3003C67FB /* ViewController.swift in Sources */ = {isa = PBXBuildFile; fileRef = BEDD2D991C0C64B3003C67FB /* ViewController.swift */; };
		BEDD2D9C1C0C64B3003C67FB /* Assets.xcassets in Resources */ = {isa = PBXBuildFile; fileRef = BEDD2D9B1C0C64B3003C67FB /* Assets.xcassets */; };
		BEDD2D9F1C0C64B3003C67FB /* Main.storyboard in Resources */ = {isa = PBXBuildFile; fileRef = BEDD2D9D1C0C64B3003C67FB /* Main.storyboard */; };
		BEDD2DA71C0C693D003C67FB /* ColorSlider.swift in Sources */ = {isa = PBXBuildFile; fileRef = BEDD2DA61C0C693D003C67FB /* ColorSlider.swift */; };
		BEDD2DAB1C0CA2CB003C67FB /* ColorCircle.swift in Sources */ = {isa = PBXBuildFile; fileRef = BEDD2DAA1C0CA2CB003C67FB /* ColorCircle.swift */; };
		BEF50C951C151CD100C12BB8 /* Picker.swift in Sources */ = {isa = PBXBuildFile; fileRef = BEF50C941C151CD100C12BB8 /* Picker.swift */; };
/* End PBXBuildFile section */

/* Begin PBXFileReference section */
		BE024BDF1C0FDC8100850204 /* ColorDial.entitlements */ = {isa = PBXFileReference; lastKnownFileType = text.xml; path = ColorDial.entitlements; sourceTree = "<group>"; };
		BE024BE01C14585A00850204 /* Regex.swift */ = {isa = PBXFileReference; fileEncoding = 4; lastKnownFileType = sourcecode.swift; path = Regex.swift; sourceTree = "<group>"; };
		BE354E371C150CA00013FE42 /* Picker.xib */ = {isa = PBXFileReference; fileEncoding = 4; lastKnownFileType = file.xib; path = Picker.xib; sourceTree = "<group>"; };
		BE41B73A1C1877C300B38688 /* TiledImage.swift */ = {isa = PBXFileReference; fileEncoding = 4; lastKnownFileType = sourcecode.swift; path = TiledImage.swift; sourceTree = "<group>"; };
		BE9A517F1C1D182F0092FA64 /* String.swift */ = {isa = PBXFileReference; fileEncoding = 4; lastKnownFileType = sourcecode.swift; path = String.swift; sourceTree = "<group>"; };
		BE9A51831C1D188F0092FA64 /* NSUserDefaults.swift */ = {isa = PBXFileReference; fileEncoding = 4; lastKnownFileType = sourcecode.swift; path = NSUserDefaults.swift; sourceTree = "<group>"; };
		BE9A51851C1D18BE0092FA64 /* ColorSupplyDelegate.swift */ = {isa = PBXFileReference; fileEncoding = 4; lastKnownFileType = sourcecode.swift; path = ColorSupplyDelegate.swift; sourceTree = "<group>"; };
		BEBC6C871C19CC2A008EA17A /* Color.swift */ = {isa = PBXFileReference; fileEncoding = 4; lastKnownFileType = sourcecode.swift; path = Color.swift; sourceTree = "<group>"; };
		BEDD2D941C0C64B3003C67FB /* ColorDial.app */ = {isa = PBXFileReference; explicitFileType = wrapper.application; includeInIndex = 0; path = ColorDial.app; sourceTree = BUILT_PRODUCTS_DIR; };
		BEDD2D971C0C64B3003C67FB /* AppDelegate.swift */ = {isa = PBXFileReference; lastKnownFileType = sourcecode.swift; path = AppDelegate.swift; sourceTree = "<group>"; };
		BEDD2D991C0C64B3003C67FB /* ViewController.swift */ = {isa = PBXFileReference; lastKnownFileType = sourcecode.swift; lineEnding = 0; path = ViewController.swift; sourceTree = "<group>"; xcLanguageSpecificationIdentifier = xcode.lang.swift; };
		BEDD2D9B1C0C64B3003C67FB /* Assets.xcassets */ = {isa = PBXFileReference; lastKnownFileType = folder.assetcatalog; path = Assets.xcassets; sourceTree = "<group>"; };
		BEDD2D9E1C0C64B3003C67FB /* Base */ = {isa = PBXFileReference; lastKnownFileType = file.storyboard; name = Base; path = Base.lproj/Main.storyboard; sourceTree = "<group>"; };
		BEDD2DA01C0C64B3003C67FB /* Info.plist */ = {isa = PBXFileReference; lastKnownFileType = text.plist.xml; path = Info.plist; sourceTree = "<group>"; };
		BEDD2DA61C0C693D003C67FB /* ColorSlider.swift */ = {isa = PBXFileReference; fileEncoding = 4; lastKnownFileType = sourcecode.swift; path = ColorSlider.swift; sourceTree = "<group>"; };
		BEDD2DAA1C0CA2CB003C67FB /* ColorCircle.swift */ = {isa = PBXFileReference; fileEncoding = 4; lastKnownFileType = sourcecode.swift; lineEnding = 0; path = ColorCircle.swift; sourceTree = "<group>"; xcLanguageSpecificationIdentifier = xcode.lang.swift; };
		BEF50C941C151CD100C12BB8 /* Picker.swift */ = {isa = PBXFileReference; fileEncoding = 4; lastKnownFileType = sourcecode.swift; path = Picker.swift; sourceTree = "<group>"; };
/* End PBXFileReference section */

/* Begin PBXFrameworksBuildPhase section */
		BEDD2D911C0C64B3003C67FB /* Frameworks */ = {
			isa = PBXFrameworksBuildPhase;
			buildActionMask = 2147483647;
			files = (
			);
			runOnlyForDeploymentPostprocessing = 0;
		};
/* End PBXFrameworksBuildPhase section */

/* Begin PBXGroup section */
		BEDD2D8B1C0C64B3003C67FB = {
			isa = PBXGroup;
			children = (
				BEDD2D961C0C64B3003C67FB /* ColorDial */,
				BEDD2D951C0C64B3003C67FB /* Products */,
			);
			sourceTree = "<group>";
		};
		BEDD2D951C0C64B3003C67FB /* Products */ = {
			isa = PBXGroup;
			children = (
				BEDD2D941C0C64B3003C67FB /* ColorDial.app */,
			);
			name = Products;
			sourceTree = "<group>";
		};
		BEDD2D961C0C64B3003C67FB /* ColorDial */ = {
			isa = PBXGroup;
			children = (
				BE024BDF1C0FDC8100850204 /* ColorDial.entitlements */,
				BEDD2D971C0C64B3003C67FB /* AppDelegate.swift */,
				BEDD2D991C0C64B3003C67FB /* ViewController.swift */,
				BEDD2D9B1C0C64B3003C67FB /* Assets.xcassets */,
				BEDD2D9D1C0C64B3003C67FB /* Main.storyboard */,
				BEDD2DA01C0C64B3003C67FB /* Info.plist */,
				BEDD2DA61C0C693D003C67FB /* ColorSlider.swift */,
				BEDD2DAA1C0CA2CB003C67FB /* ColorCircle.swift */,
				BE024BE01C14585A00850204 /* Regex.swift */,
				BEBC6C871C19CC2A008EA17A /* Color.swift */,
				BE354E371C150CA00013FE42 /* Picker.xib */,
				BEF50C941C151CD100C12BB8 /* Picker.swift */,
				BE41B73A1C1877C300B38688 /* TiledImage.swift */,
				BE9A517F1C1D182F0092FA64 /* String.swift */,
				BE9A51831C1D188F0092FA64 /* NSUserDefaults.swift */,
				BE9A51851C1D18BE0092FA64 /* ColorSupplyDelegate.swift */,
			);
			path = ColorDial;
			sourceTree = "<group>";
		};
/* End PBXGroup section */

/* Begin PBXNativeTarget section */
		BEDD2D931C0C64B3003C67FB /* ColorDial */ = {
			isa = PBXNativeTarget;
			buildConfigurationList = BEDD2DA31C0C64B3003C67FB /* Build configuration list for PBXNativeTarget "ColorDial" */;
			buildPhases = (
				BEDD2D901C0C64B3003C67FB /* Sources */,
				BEDD2D911C0C64B3003C67FB /* Frameworks */,
				BEDD2D921C0C64B3003C67FB /* Resources */,
			);
			buildRules = (
			);
			dependencies = (
			);
			name = ColorDial;
			productName = ColorDial;
			productReference = BEDD2D941C0C64B3003C67FB /* ColorDial.app */;
			productType = "com.apple.product-type.application";
		};
/* End PBXNativeTarget section */

/* Begin PBXProject section */
		BEDD2D8C1C0C64B3003C67FB /* Project object */ = {
			isa = PBXProject;
			attributes = {
				LastSwiftUpdateCheck = 0710;
				LastUpgradeCheck = 1030;
				ORGANIZATIONNAME = "Kenneth Allan";
				TargetAttributes = {
					BEDD2D931C0C64B3003C67FB = {
						CreatedOnToolsVersion = 7.1.1;
						DevelopmentTeam = 8DNQY5UUEX;
						LastSwiftMigration = 1030;
						SystemCapabilities = {
							com.apple.Sandbox = {
								enabled = 1;
							};
						};
					};
				};
			};
			buildConfigurationList = BEDD2D8F1C0C64B3003C67FB /* Build configuration list for PBXProject "ColorDial" */;
			compatibilityVersion = "Xcode 3.2";
			developmentRegion = en;
			hasScannedForEncodings = 0;
			knownRegions = (
				en,
				Base,
			);
			mainGroup = BEDD2D8B1C0C64B3003C67FB;
			productRefGroup = BEDD2D951C0C64B3003C67FB /* Products */;
			projectDirPath = "";
			projectRoot = "";
			targets = (
				BEDD2D931C0C64B3003C67FB /* ColorDial */,
			);
		};
/* End PBXProject section */

/* Begin PBXResourcesBuildPhase section */
		BEDD2D921C0C64B3003C67FB /* Resources */ = {
			isa = PBXResourcesBuildPhase;
			buildActionMask = 2147483647;
			files = (
				BEDD2D9C1C0C64B3003C67FB /* Assets.xcassets in Resources */,
				BE354E381C150CA00013FE42 /* Picker.xib in Resources */,
				BEDD2D9F1C0C64B3003C67FB /* Main.storyboard in Resources */,
			);
			runOnlyForDeploymentPostprocessing = 0;
		};
/* End PBXResourcesBuildPhase section */

/* Begin PBXSourcesBuildPhase section */
		BEDD2D901C0C64B3003C67FB /* Sources */ = {
			isa = PBXSourcesBuildPhase;
			buildActionMask = 2147483647;
			files = (
				BEDD2D9A1C0C64B3003C67FB /* ViewController.swift in Sources */,
				BEF50C951C151CD100C12BB8 /* Picker.swift in Sources */,
				BE024BE11C14585A00850204 /* Regex.swift in Sources */,
				BE9A51841C1D188F0092FA64 /* NSUserDefaults.swift in Sources */,
				BE9A51801C1D182F0092FA64 /* String.swift in Sources */,
				BE41B73B1C1877C300B38688 /* TiledImage.swift in Sources */,
				BEDD2DAB1C0CA2CB003C67FB /* ColorCircle.swift in Sources */,
				BEBC6C881C19CC2A008EA17A /* Color.swift in Sources */,
				BEDD2DA71C0C693D003C67FB /* ColorSlider.swift in Sources */,
				BEDD2D981C0C64B3003C67FB /* AppDelegate.swift in Sources */,
				BE9A51861C1D18BE0092FA64 /* ColorSupplyDelegate.swift in Sources */,
			);
			runOnlyForDeploymentPostprocessing = 0;
		};
/* End PBXSourcesBuildPhase section */

/* Begin PBXVariantGroup section */
		BEDD2D9D1C0C64B3003C67FB /* Main.storyboard */ = {
			isa = PBXVariantGroup;
			children = (
				BEDD2D9E1C0C64B3003C67FB /* Base */,
			);
			name = Main.storyboard;
			sourceTree = "<group>";
		};
/* End PBXVariantGroup section */

/* Begin XCBuildConfiguration section */
		BEDD2DA11C0C64B3003C67FB /* Debug */ = {
			isa = XCBuildConfiguration;
			buildSettings = {
				ALWAYS_SEARCH_USER_PATHS = NO;
				CLANG_ANALYZER_LOCALIZABILITY_NONLOCALIZED = YES;
				CLANG_CXX_LANGUAGE_STANDARD = "gnu++0x";
				CLANG_CXX_LIBRARY = "libc++";
				CLANG_ENABLE_MODULES = YES;
				CLANG_ENABLE_OBJC_ARC = YES;
				CLANG_WARN_BLOCK_CAPTURE_AUTORELEASING = YES;
				CLANG_WARN_BOOL_CONVERSION = YES;
				CLANG_WARN_COMMA = YES;
				CLANG_WARN_CONSTANT_CONVERSION = YES;
				CLANG_WARN_DEPRECATED_OBJC_IMPLEMENTATIONS = YES;
				CLANG_WARN_DIRECT_OBJC_ISA_USAGE = YES_ERROR;
				CLANG_WARN_EMPTY_BODY = YES;
				CLANG_WARN_ENUM_CONVERSION = YES;
				CLANG_WARN_INFINITE_RECURSION = YES;
				CLANG_WARN_INT_CONVERSION = YES;
				CLANG_WARN_NON_LITERAL_NULL_CONVERSION = YES;
				CLANG_WARN_OBJC_IMPLICIT_RETAIN_SELF = YES;
				CLANG_WARN_OBJC_LITERAL_CONVERSION = YES;
				CLANG_WARN_OBJC_ROOT_CLASS = YES_ERROR;
				CLANG_WARN_RANGE_LOOP_ANALYSIS = YES;
				CLANG_WARN_STRICT_PROTOTYPES = YES;
				CLANG_WARN_SUSPICIOUS_MOVE = YES;
				CLANG_WARN_UNREACHABLE_CODE = YES;
				CLANG_WARN__DUPLICATE_METHOD_MATCH = YES;
				CODE_SIGN_IDENTITY = "-";
				COPY_PHASE_STRIP = NO;
				DEBUG_INFORMATION_FORMAT = dwarf;
				ENABLE_STRICT_OBJC_MSGSEND = YES;
				ENABLE_TESTABILITY = YES;
				GCC_C_LANGUAGE_STANDARD = gnu99;
				GCC_DYNAMIC_NO_PIC = NO;
				GCC_NO_COMMON_BLOCKS = YES;
				GCC_OPTIMIZATION_LEVEL = 0;
				GCC_PREPROCESSOR_DEFINITIONS = (
					"DEBUG=1",
					"$(inherited)",
				);
				GCC_WARN_64_TO_32_BIT_CONVERSION = YES;
				GCC_WARN_ABOUT_RETURN_TYPE = YES_ERROR;
				GCC_WARN_UNDECLARED_SELECTOR = YES;
				GCC_WARN_UNINITIALIZED_AUTOS = YES_AGGRESSIVE;
				GCC_WARN_UNUSED_FUNCTION = YES;
				GCC_WARN_UNUSED_VARIABLE = YES;
				MACOSX_DEPLOYMENT_TARGET = 10.11;
				MTL_ENABLE_DEBUG_INFO = YES;
				ONLY_ACTIVE_ARCH = YES;
				SDKROOT = macosx;
				SWIFT_OPTIMIZATION_LEVEL = "-Onone";
			};
			name = Debug;
		};
		BEDD2DA21C0C64B3003C67FB /* Release */ = {
			isa = XCBuildConfiguration;
			buildSettings = {
				ALWAYS_SEARCH_USER_PATHS = NO;
				CLANG_ANALYZER_LOCALIZABILITY_NONLOCALIZED = YES;
				CLANG_CXX_LANGUAGE_STANDARD = "gnu++0x";
				CLANG_CXX_LIBRARY = "libc++";
				CLANG_ENABLE_MODULES = YES;
				CLANG_ENABLE_OBJC_ARC = YES;
				CLANG_WARN_BLOCK_CAPTURE_AUTORELEASING = YES;
				CLANG_WARN_BOOL_CONVERSION = YES;
				CLANG_WARN_COMMA = YES;
				CLANG_WARN_CONSTANT_CONVERSION = YES;
				CLANG_WARN_DEPRECATED_OBJC_IMPLEMENTATIONS = YES;
				CLANG_WARN_DIRECT_OBJC_ISA_USAGE = YES_ERROR;
				CLANG_WARN_EMPTY_BODY = YES;
				CLANG_WARN_ENUM_CONVERSION = YES;
				CLANG_WARN_INFINITE_RECURSION = YES;
				CLANG_WARN_INT_CONVERSION = YES;
				CLANG_WARN_NON_LITERAL_NULL_CONVERSION = YES;
				CLANG_WARN_OBJC_IMPLICIT_RETAIN_SELF = YES;
				CLANG_WARN_OBJC_LITERAL_CONVERSION = YES;
				CLANG_WARN_OBJC_ROOT_CLASS = YES_ERROR;
				CLANG_WARN_RANGE_LOOP_ANALYSIS = YES;
				CLANG_WARN_STRICT_PROTOTYPES = YES;
				CLANG_WARN_SUSPICIOUS_MOVE = YES;
				CLANG_WARN_UNREACHABLE_CODE = YES;
				CLANG_WARN__DUPLICATE_METHOD_MATCH = YES;
				CODE_SIGN_IDENTITY = "-";
				COPY_PHASE_STRIP = NO;
				DEBUG_INFORMATION_FORMAT = "dwarf-with-dsym";
				ENABLE_NS_ASSERTIONS = NO;
				ENABLE_STRICT_OBJC_MSGSEND = YES;
				GCC_C_LANGUAGE_STANDARD = gnu99;
				GCC_NO_COMMON_BLOCKS = YES;
				GCC_WARN_64_TO_32_BIT_CONVERSION = YES;
				GCC_WARN_ABOUT_RETURN_TYPE = YES_ERROR;
				GCC_WARN_UNDECLARED_SELECTOR = YES;
				GCC_WARN_UNINITIALIZED_AUTOS = YES_AGGRESSIVE;
				GCC_WARN_UNUSED_FUNCTION = YES;
				GCC_WARN_UNUSED_VARIABLE = YES;
				MACOSX_DEPLOYMENT_TARGET = 10.11;
				MTL_ENABLE_DEBUG_INFO = NO;
				SDKROOT = macosx;
				SWIFT_COMPILATION_MODE = wholemodule;
			};
			name = Release;
		};
		BEDD2DA41C0C64B3003C67FB /* Debug */ = {
			isa = XCBuildConfiguration;
			buildSettings = {
				ASSETCATALOG_COMPILER_APPICON_NAME = AppIcon;
				CODE_SIGN_ENTITLEMENTS = ColorDial/ColorDial.entitlements;
				CODE_SIGN_IDENTITY = "Mac Developer";
				COMBINE_HIDPI_IMAGES = YES;
				DEVELOPMENT_TEAM = 8DNQY5UUEX;
				INFOPLIST_FILE = ColorDial/Info.plist;
				LD_RUNPATH_SEARCH_PATHS = "$(inherited) @executable_path/../Frameworks";
				MACOSX_DEPLOYMENT_TARGET = 10.10;
				PRODUCT_BUNDLE_IDENTIFIER = com.norganna.ColorDial;
				PRODUCT_NAME = "$(TARGET_NAME)";
				SWIFT_VERSION = 5.0;
			};
			name = Debug;
		};
		BEDD2DA51C0C64B3003C67FB /* Release */ = {
			isa = XCBuildConfiguration;
			buildSettings = {
				ASSETCATALOG_COMPILER_APPICON_NAME = AppIcon;
				CODE_SIGN_ENTITLEMENTS = ColorDial/ColorDial.entitlements;
				CODE_SIGN_IDENTITY = "Mac Developer";
				COMBINE_HIDPI_IMAGES = YES;
				DEVELOPMENT_TEAM = 8DNQY5UUEX;
				INFOPLIST_FILE = ColorDial/Info.plist;
				LD_RUNPATH_SEARCH_PATHS = "$(inherited) @executable_path/../Frameworks";
				MACOSX_DEPLOYMENT_TARGET = 10.10;
				PRODUCT_BUNDLE_IDENTIFIER = com.norganna.ColorDial;
				PRODUCT_NAME = "$(TARGET_NAME)";
				SWIFT_VERSION = 5.0;
			};
			name = Release;
		};
/* End XCBuildConfiguration section */

/* Begin XCConfigurationList section */
		BEDD2D8F1C0C64B3003C67FB /* Build configuration list for PBXProject "ColorDial" */ = {
			isa = XCConfigurationList;
			buildConfigurations = (
				BEDD2DA11C0C64B3003C67FB /* Debug */,
				BEDD2DA21C0C64B3003C67FB /* Release */,
			);
			defaultConfigurationIsVisible = 0;
			defaultConfigurationName = Release;
		};
		BEDD2DA31C0C64B3003C67FB /* Build configuration list for PBXNativeTarget "ColorDial" */ = {
			isa = XCConfigurationList;
			buildConfigurations = (
				BEDD2DA41C0C64B3003C67FB /* Debug */,
				BEDD2DA51C0C64B3003C67FB /* Release */,
			);
			defaultConfigurationIsVisible = 0;
			defaultConfigurationName = Release;
		};
/* End XCConfigurationList section */
	};
	rootObject = BEDD2D8C1C0C64B3003C67FB /* Project object */;
}
